// !$*UTF8*$!
{
	archiveVersion = 1;
	classes = {
	};
	objectVersion = 46;
	objects = {

/* Begin PBXBuildFile section */
		E50B632A1A8770D000A85CCB /* main.m in Sources */ = {isa = PBXBuildFile; fileRef = E50B63291A8770D000A85CCB /* main.m */; };
		E50B632D1A8770D000A85CCB /* AppDelegate.m in Sources */ = {isa = PBXBuildFile; fileRef = E50B632C1A8770D000A85CCB /* AppDelegate.m */; };
		E50B63331A8770D000A85CCB /* Main.storyboard in Resources */ = {isa = PBXBuildFile; fileRef = E50B63311A8770D000A85CCB /* Main.storyboard */; };
		E50B63351A8770D000A85CCB /* Images.xcassets in Resources */ = {isa = PBXBuildFile; fileRef = E50B63341A8770D000A85CCB /* Images.xcassets */; };
		E50B63381A8770D000A85CCB /* LaunchScreen.xib in Resources */ = {isa = PBXBuildFile; fileRef = E50B63361A8770D000A85CCB /* LaunchScreen.xib */; };
		E50B63441A8770D000A85CCB /* tableturnerTests.m in Sources */ = {isa = PBXBuildFile; fileRef = E50B63431A8770D000A85CCB /* tableturnerTests.m */; };
		E50B636B1A87871500A85CCB /* icons_winter_01.png in Resources */ = {isa = PBXBuildFile; fileRef = E50B634E1A87871500A85CCB /* icons_winter_01.png */; };
		E50B636C1A87871500A85CCB /* icons_winter_02.png in Resources */ = {isa = PBXBuildFile; fileRef = E50B634F1A87871500A85CCB /* icons_winter_02.png */; };
		E50B636D1A87871500A85CCB /* icons_winter_03.png in Resources */ = {isa = PBXBuildFile; fileRef = E50B63501A87871500A85CCB /* icons_winter_03.png */; };
		E50B636E1A87871500A85CCB /* icons_winter_04.png in Resources */ = {isa = PBXBuildFile; fileRef = E50B63511A87871500A85CCB /* icons_winter_04.png */; };
		E50B636F1A87871500A85CCB /* icons_winter_05.png in Resources */ = {isa = PBXBuildFile; fileRef = E50B63521A87871500A85CCB /* icons_winter_05.png */; };
		E50B63701A87871500A85CCB /* icons_winter_06.png in Resources */ = {isa = PBXBuildFile; fileRef = E50B63531A87871500A85CCB /* icons_winter_06.png */; };
		E50B63711A87871500A85CCB /* icons_winter_07.png in Resources */ = {isa = PBXBuildFile; fileRef = E50B63541A87871500A85CCB /* icons_winter_07.png */; };
		E50B63721A87871500A85CCB /* icons_winter_08.png in Resources */ = {isa = PBXBuildFile; fileRef = E50B63551A87871500A85CCB /* icons_winter_08.png */; };
		E50B63731A87871500A85CCB /* icons_winter_09.png in Resources */ = {isa = PBXBuildFile; fileRef = E50B63561A87871500A85CCB /* icons_winter_09.png */; };
		E50B63741A87871500A85CCB /* icons_winter_10.png in Resources */ = {isa = PBXBuildFile; fileRef = E50B63571A87871500A85CCB /* icons_winter_10.png */; };
		E50B63751A87871500A85CCB /* summericons_100px_01.png in Resources */ = {isa = PBXBuildFile; fileRef = E50B63581A87871500A85CCB /* summericons_100px_01.png */; };
		E50B63761A87871500A85CCB /* summericons_100px_02.png in Resources */ = {isa = PBXBuildFile; fileRef = E50B63591A87871500A85CCB /* summericons_100px_02.png */; };
		E50B63771A87871500A85CCB /* summericons_100px_03.png in Resources */ = {isa = PBXBuildFile; fileRef = E50B635A1A87871500A85CCB /* summericons_100px_03.png */; };
		E50B63781A87871500A85CCB /* summericons_100px_04.png in Resources */ = {isa = PBXBuildFile; fileRef = E50B635B1A87871500A85CCB /* summericons_100px_04.png */; };
		E50B63791A87871500A85CCB /* summericons_100px_05.png in Resources */ = {isa = PBXBuildFile; fileRef = E50B635C1A87871500A85CCB /* summericons_100px_05.png */; };
		E50B637A1A87871500A85CCB /* summericons_100px_06.png in Resources */ = {isa = PBXBuildFile; fileRef = E50B635D1A87871500A85CCB /* summericons_100px_06.png */; };
		E50B637B1A87871500A85CCB /* summericons_100px_07.png in Resources */ = {isa = PBXBuildFile; fileRef = E50B635E1A87871500A85CCB /* summericons_100px_07.png */; };
		E50B637C1A87871500A85CCB /* summericons_100px_08.png in Resources */ = {isa = PBXBuildFile; fileRef = E50B635F1A87871500A85CCB /* summericons_100px_08.png */; };
		E50B637D1A87871500A85CCB /* summericons_100px_09.png in Resources */ = {isa = PBXBuildFile; fileRef = E50B63601A87871500A85CCB /* summericons_100px_09.png */; };
		E50B637E1A87871500A85CCB /* summericons_100px_10.png in Resources */ = {isa = PBXBuildFile; fileRef = E50B63611A87871500A85CCB /* summericons_100px_10.png */; };
		E50B637F1A87871500A85CCB /* eyeball.png in Resources */ = {isa = PBXBuildFile; fileRef = E50B63631A87871500A85CCB /* eyeball.png */; };
		E50B63801A87871500A85CCB /* star_sel.png in Resources */ = {isa = PBXBuildFile; fileRef = E50B63641A87871500A85CCB /* star_sel.png */; };
		E50B63811A87871500A85CCB /* star_uns.png in Resources */ = {isa = PBXBuildFile; fileRef = E50B63651A87871500A85CCB /* star_uns.png */; };
		E50B63821A87871500A85CCB /* Icon.m in Sources */ = {isa = PBXBuildFile; fileRef = E50B63681A87871500A85CCB /* Icon.m */; };
		E50B63831A87871500A85CCB /* IconSet.m in Sources */ = {isa = PBXBuildFile; fileRef = E50B636A1A87871500A85CCB /* IconSet.m */; };
		E50B63881A87913800A85CCB /* FITPrettyIconsController.m in Sources */ = {isa = PBXBuildFile; fileRef = E50B63871A87913800A85CCB /* FITPrettyIconsController.m */; };
		E50B638B1A87DCDE00A85CCB /* FITIconCell.m in Sources */ = {isa = PBXBuildFile; fileRef = E50B638A1A87DCDE00A85CCB /* FITIconCell.m */; };
		E50B638E1A87E11800A85CCB /* FITDetailViewController.m in Sources */ = {isa = PBXBuildFile; fileRef = E50B638D1A87E11800A85CCB /* FITDetailViewController.m */; };
		E50B63911A87E6F100A85CCB /* FITEditControllerTableViewController.m in Sources */ = {isa = PBXBuildFile; fileRef = E50B63901A87E6F100A85CCB /* FITEditControllerTableViewController.m */; };
		E56248551A87FBE0005871E8 /* FITRatingController.m in Sources */ = {isa = PBXBuildFile; fileRef = E56248541A87FBE0005871E8 /* FITRatingController.m */; };
/* End PBXBuildFile section */

/* Begin PBXContainerItemProxy section */
		E50B633E1A8770D000A85CCB /* PBXContainerItemProxy */ = {
			isa = PBXContainerItemProxy;
			containerPortal = E50B631C1A8770CF00A85CCB /* Project object */;
			proxyType = 1;
			remoteGlobalIDString = E50B63231A8770CF00A85CCB;
			remoteInfo = tableturner;
		};
/* End PBXContainerItemProxy section */

/* Begin PBXFileReference section */
		E50B63241A8770D000A85CCB /* tableturner.app */ = {isa = PBXFileReference; explicitFileType = wrapper.application; includeInIndex = 0; path = tableturner.app; sourceTree = BUILT_PRODUCTS_DIR; };
		E50B63281A8770D000A85CCB /* Info.plist */ = {isa = PBXFileReference; lastKnownFileType = text.plist.xml; path = Info.plist; sourceTree = "<group>"; };
		E50B63291A8770D000A85CCB /* main.m */ = {isa = PBXFileReference; lastKnownFileType = sourcecode.c.objc; path = main.m; sourceTree = "<group>"; };
		E50B632B1A8770D000A85CCB /* AppDelegate.h */ = {isa = PBXFileReference; lastKnownFileType = sourcecode.c.h; path = AppDelegate.h; sourceTree = "<group>"; };
		E50B632C1A8770D000A85CCB /* AppDelegate.m */ = {isa = PBXFileReference; lastKnownFileType = sourcecode.c.objc; path = AppDelegate.m; sourceTree = "<group>"; };
		E50B63321A8770D000A85CCB /* Base */ = {isa = PBXFileReference; lastKnownFileType = file.storyboard; name = Base; path = Base.lproj/Main.storyboard; sourceTree = "<group>"; };
		E50B63341A8770D000A85CCB /* Images.xcassets */ = {isa = PBXFileReference; lastKnownFileType = folder.assetcatalog; path = Images.xcassets; sourceTree = "<group>"; };
		E50B63371A8770D000A85CCB /* Base */ = {isa = PBXFileReference; lastKnownFileType = file.xib; name = Base; path = Base.lproj/LaunchScreen.xib; sourceTree = "<group>"; };
		E50B633D1A8770D000A85CCB /* tableturnerTests.xctest */ = {isa = PBXFileReference; explicitFileType = wrapper.cfbundle; includeInIndex = 0; path = tableturnerTests.xctest; sourceTree = BUILT_PRODUCTS_DIR; };
		E50B63421A8770D000A85CCB /* Info.plist */ = {isa = PBXFileReference; lastKnownFileType = text.plist.xml; path = Info.plist; sourceTree = "<group>"; };
		E50B63431A8770D000A85CCB /* tableturnerTests.m */ = {isa = PBXFileReference; lastKnownFileType = sourcecode.c.objc; path = tableturnerTests.m; sourceTree = "<group>"; };
		E50B634E1A87871500A85CCB /* icons_winter_01.png */ = {isa = PBXFileReference; lastKnownFileType = image.png; path = icons_winter_01.png; sourceTree = "<group>"; };
		E50B634F1A87871500A85CCB /* icons_winter_02.png */ = {isa = PBXFileReference; lastKnownFileType = image.png; path = icons_winter_02.png; sourceTree = "<group>"; };
		E50B63501A87871500A85CCB /* icons_winter_03.png */ = {isa = PBXFileReference; lastKnownFileType = image.png; path = icons_winter_03.png; sourceTree = "<group>"; };
		E50B63511A87871500A85CCB /* icons_winter_04.png */ = {isa = PBXFileReference; lastKnownFileType = image.png; path = icons_winter_04.png; sourceTree = "<group>"; };
		E50B63521A87871500A85CCB /* icons_winter_05.png */ = {isa = PBXFileReference; lastKnownFileType = image.png; path = icons_winter_05.png; sourceTree = "<group>"; };
		E50B63531A87871500A85CCB /* icons_winter_06.png */ = {isa = PBXFileReference; lastKnownFileType = image.png; path = icons_winter_06.png; sourceTree = "<group>"; };
		E50B63541A87871500A85CCB /* icons_winter_07.png */ = {isa = PBXFileReference; lastKnownFileType = image.png; path = icons_winter_07.png; sourceTree = "<group>"; };
		E50B63551A87871500A85CCB /* icons_winter_08.png */ = {isa = PBXFileReference; lastKnownFileType = image.png; path = icons_winter_08.png; sourceTree = "<group>"; };
		E50B63561A87871500A85CCB /* icons_winter_09.png */ = {isa = PBXFileReference; lastKnownFileType = image.png; path = icons_winter_09.png; sourceTree = "<group>"; };
		E50B63571A87871500A85CCB /* icons_winter_10.png */ = {isa = PBXFileReference; lastKnownFileType = image.png; path = icons_winter_10.png; sourceTree = "<group>"; };
		E50B63581A87871500A85CCB /* summericons_100px_01.png */ = {isa = PBXFileReference; lastKnownFileType = image.png; path = summericons_100px_01.png; sourceTree = "<group>"; };
		E50B63591A87871500A85CCB /* summericons_100px_02.png */ = {isa = PBXFileReference; lastKnownFileType = image.png; path = summericons_100px_02.png; sourceTree = "<group>"; };
		E50B635A1A87871500A85CCB /* summericons_100px_03.png */ = {isa = PBXFileReference; lastKnownFileType = image.png; path = summericons_100px_03.png; sourceTree = "<group>"; };
		E50B635B1A87871500A85CCB /* summericons_100px_04.png */ = {isa = PBXFileReference; lastKnownFileType = image.png; path = summericons_100px_04.png; sourceTree = "<group>"; };
		E50B635C1A87871500A85CCB /* summericons_100px_05.png */ = {isa = PBXFileReference; lastKnownFileType = image.png; path = summericons_100px_05.png; sourceTree = "<group>"; };
		E50B635D1A87871500A85CCB /* summericons_100px_06.png */ = {isa = PBXFileReference; lastKnownFileType = image.png; path = summericons_100px_06.png; sourceTree = "<group>"; };
		E50B635E1A87871500A85CCB /* summericons_100px_07.png */ = {isa = PBXFileReference; lastKnownFileType = image.png; path = summericons_100px_07.png; sourceTree = "<group>"; };
		E50B635F1A87871500A85CCB /* summericons_100px_08.png */ = {isa = PBXFileReference; lastKnownFileType = image.png; path = summericons_100px_08.png; sourceTree = "<group>"; };
		E50B63601A87871500A85CCB /* summericons_100px_09.png */ = {isa = PBXFileReference; lastKnownFileType = image.png; path = summericons_100px_09.png; sourceTree = "<group>"; };
		E50B63611A87871500A85CCB /* summericons_100px_10.png */ = {isa = PBXFileReference; lastKnownFileType = image.png; path = summericons_100px_10.png; sourceTree = "<group>"; };
		E50B63631A87871500A85CCB /* eyeball.png */ = {isa = PBXFileReference; lastKnownFileType = image.png; path = eyeball.png; sourceTree = "<group>"; };
		E50B63641A87871500A85CCB /* star_sel.png */ = {isa = PBXFileReference; lastKnownFileType = image.png; path = star_sel.png; sourceTree = "<group>"; };
		E50B63651A87871500A85CCB /* star_uns.png */ = {isa = PBXFileReference; lastKnownFileType = image.png; path = star_uns.png; sourceTree = "<group>"; };
		E50B63671A87871500A85CCB /* Icon.h */ = {isa = PBXFileReference; fileEncoding = 4; lastKnownFileType = sourcecode.c.h; path = Icon.h; sourceTree = "<group>"; };
		E50B63681A87871500A85CCB /* Icon.m */ = {isa = PBXFileReference; fileEncoding = 4; lastKnownFileType = sourcecode.c.objc; path = Icon.m; sourceTree = "<group>"; };
		E50B63691A87871500A85CCB /* IconSet.h */ = {isa = PBXFileReference; fileEncoding = 4; lastKnownFileType = sourcecode.c.h; path = IconSet.h; sourceTree = "<group>"; };
		E50B636A1A87871500A85CCB /* IconSet.m */ = {isa = PBXFileReference; fileEncoding = 4; lastKnownFileType = sourcecode.c.objc; path = IconSet.m; sourceTree = "<group>"; };
		E50B63861A87913800A85CCB /* FITPrettyIconsController.h */ = {isa = PBXFileReference; fileEncoding = 4; lastKnownFileType = sourcecode.c.h; path = FITPrettyIconsController.h; sourceTree = "<group>"; };
		E50B63871A87913800A85CCB /* FITPrettyIconsController.m */ = {isa = PBXFileReference; fileEncoding = 4; lastKnownFileType = sourcecode.c.objc; path = FITPrettyIconsController.m; sourceTree = "<group>"; };
		E50B63891A87DCDE00A85CCB /* FITIconCell.h */ = {isa = PBXFileReference; fileEncoding = 4; lastKnownFileType = sourcecode.c.h; path = FITIconCell.h; sourceTree = "<group>"; };
		E50B638A1A87DCDE00A85CCB /* FITIconCell.m */ = {isa = PBXFileReference; fileEncoding = 4; lastKnownFileType = sourcecode.c.objc; path = FITIconCell.m; sourceTree = "<group>"; };
		E50B638C1A87E11800A85CCB /* FITDetailViewController.h */ = {isa = PBXFileReference; fileEncoding = 4; lastKnownFileType = sourcecode.c.h; path = FITDetailViewController.h; sourceTree = "<group>"; };
		E50B638D1A87E11800A85CCB /* FITDetailViewController.m */ = {isa = PBXFileReference; fileEncoding = 4; lastKnownFileType = sourcecode.c.objc; path = FITDetailViewController.m; sourceTree = "<group>"; };
		E50B638F1A87E6F100A85CCB /* FITEditControllerTableViewController.h */ = {isa = PBXFileReference; fileEncoding = 4; lastKnownFileType = sourcecode.c.h; path = FITEditControllerTableViewController.h; sourceTree = "<group>"; };
		E50B63901A87E6F100A85CCB /* FITEditControllerTableViewController.m */ = {isa = PBXFileReference; fileEncoding = 4; lastKnownFileType = sourcecode.c.objc; path = FITEditControllerTableViewController.m; sourceTree = "<group>"; };
		E56248531A87FBE0005871E8 /* FITRatingController.h */ = {isa = PBXFileReference; fileEncoding = 4; lastKnownFileType = sourcecode.c.h; path = FITRatingController.h; sourceTree = "<group>"; };
		E56248541A87FBE0005871E8 /* FITRatingController.m */ = {isa = PBXFileReference; fileEncoding = 4; lastKnownFileType = sourcecode.c.objc; path = FITRatingController.m; sourceTree = "<group>"; };
/* End PBXFileReference section */

/* Begin PBXFrameworksBuildPhase section */
		E50B63211A8770CF00A85CCB /* Frameworks */ = {
			isa = PBXFrameworksBuildPhase;
			buildActionMask = 2147483647;
			files = (
			);
			runOnlyForDeploymentPostprocessing = 0;
		};
		E50B633A1A8770D000A85CCB /* Frameworks */ = {
			isa = PBXFrameworksBuildPhase;
			buildActionMask = 2147483647;
			files = (
			);
			runOnlyForDeploymentPostprocessing = 0;
		};
/* End PBXFrameworksBuildPhase section */

/* Begin PBXGroup section */
		E50B631B1A8770CF00A85CCB = {
			isa = PBXGroup;
			children = (
				E50B63261A8770D000A85CCB /* tableturner */,
				E50B63401A8770D000A85CCB /* tableturnerTests */,
				E50B63251A8770D000A85CCB /* Products */,
			);
			indentWidth = 2;
			sourceTree = "<group>";
			tabWidth = 2;
			usesTabs = 0;
		};
		E50B63251A8770D000A85CCB /* Products */ = {
			isa = PBXGroup;
			children = (
				E50B63241A8770D000A85CCB /* tableturner.app */,
				E50B633D1A8770D000A85CCB /* tableturnerTests.xctest */,
			);
			name = Products;
			sourceTree = "<group>";
		};
		E50B63261A8770D000A85CCB /* tableturner */ = {
			isa = PBXGroup;
			children = (
				E50B634D1A87871500A85CCB /* Icons */,
				E50B63621A87871500A85CCB /* Images */,
				E50B63661A87871500A85CCB /* Model */,
				E50B632B1A8770D000A85CCB /* AppDelegate.h */,
				E50B632C1A8770D000A85CCB /* AppDelegate.m */,
				E50B63311A8770D000A85CCB /* Main.storyboard */,
				E50B63341A8770D000A85CCB /* Images.xcassets */,
				E50B63361A8770D000A85CCB /* LaunchScreen.xib */,
				E50B63271A8770D000A85CCB /* Supporting Files */,
				E50B63861A87913800A85CCB /* FITPrettyIconsController.h */,
				E50B63871A87913800A85CCB /* FITPrettyIconsController.m */,
				E50B63891A87DCDE00A85CCB /* FITIconCell.h */,
				E50B638A1A87DCDE00A85CCB /* FITIconCell.m */,
				E50B638C1A87E11800A85CCB /* FITDetailViewController.h */,
				E50B638D1A87E11800A85CCB /* FITDetailViewController.m */,
				E50B638F1A87E6F100A85CCB /* FITEditControllerTableViewController.h */,
				E50B63901A87E6F100A85CCB /* FITEditControllerTableViewController.m */,
				E56248531A87FBE0005871E8 /* FITRatingController.h */,
				E56248541A87FBE0005871E8 /* FITRatingController.m */,
			);
			path = tableturner;
			sourceTree = "<group>";
		};
		E50B63271A8770D000A85CCB /* Supporting Files */ = {
			isa = PBXGroup;
			children = (
				E50B63281A8770D000A85CCB /* Info.plist */,
				E50B63291A8770D000A85CCB /* main.m */,
			);
			name = "Supporting Files";
			sourceTree = "<group>";
		};
		E50B63401A8770D000A85CCB /* tableturnerTests */ = {
			isa = PBXGroup;
			children = (
				E50B63431A8770D000A85CCB /* tableturnerTests.m */,
				E50B63411A8770D000A85CCB /* Supporting Files */,
			);
			path = tableturnerTests;
			sourceTree = "<group>";
		};
		E50B63411A8770D000A85CCB /* Supporting Files */ = {
			isa = PBXGroup;
			children = (
				E50B63421A8770D000A85CCB /* Info.plist */,
			);
			name = "Supporting Files";
			sourceTree = "<group>";
		};
		E50B634D1A87871500A85CCB /* Icons */ = {
			isa = PBXGroup;
			children = (
				E50B634E1A87871500A85CCB /* icons_winter_01.png */,
				E50B634F1A87871500A85CCB /* icons_winter_02.png */,
				E50B63501A87871500A85CCB /* icons_winter_03.png */,
				E50B63511A87871500A85CCB /* icons_winter_04.png */,
				E50B63521A87871500A85CCB /* icons_winter_05.png */,
				E50B63531A87871500A85CCB /* icons_winter_06.png */,
				E50B63541A87871500A85CCB /* icons_winter_07.png */,
				E50B63551A87871500A85CCB /* icons_winter_08.png */,
				E50B63561A87871500A85CCB /* icons_winter_09.png */,
				E50B63571A87871500A85CCB /* icons_winter_10.png */,
				E50B63581A87871500A85CCB /* summericons_100px_01.png */,
				E50B63591A87871500A85CCB /* summericons_100px_02.png */,
				E50B635A1A87871500A85CCB /* summericons_100px_03.png */,
				E50B635B1A87871500A85CCB /* summericons_100px_04.png */,
				E50B635C1A87871500A85CCB /* summericons_100px_05.png */,
				E50B635D1A87871500A85CCB /* summericons_100px_06.png */,
				E50B635E1A87871500A85CCB /* summericons_100px_07.png */,
				E50B635F1A87871500A85CCB /* summericons_100px_08.png */,
				E50B63601A87871500A85CCB /* summericons_100px_09.png */,
				E50B63611A87871500A85CCB /* summericons_100px_10.png */,
			);
			path = Icons;
			sourceTree = "<group>";
		};
		E50B63621A87871500A85CCB /* Images */ = {
			isa = PBXGroup;
			children = (
				E50B63631A87871500A85CCB /* eyeball.png */,
				E50B63641A87871500A85CCB /* star_sel.png */,
				E50B63651A87871500A85CCB /* star_uns.png */,
			);
			path = Images;
			sourceTree = "<group>";
		};
		E50B63661A87871500A85CCB /* Model */ = {
			isa = PBXGroup;
			children = (
				E50B63671A87871500A85CCB /* Icon.h */,
				E50B63681A87871500A85CCB /* Icon.m */,
				E50B63691A87871500A85CCB /* IconSet.h */,
				E50B636A1A87871500A85CCB /* IconSet.m */,
			);
			path = Model;
			sourceTree = "<group>";
		};
/* End PBXGroup section */

/* Begin PBXNativeTarget section */
		E50B63231A8770CF00A85CCB /* tableturner */ = {
			isa = PBXNativeTarget;
			buildConfigurationList = E50B63471A8770D000A85CCB /* Build configuration list for PBXNativeTarget "tableturner" */;
			buildPhases = (
				E50B63201A8770CF00A85CCB /* Sources */,
				E50B63211A8770CF00A85CCB /* Frameworks */,
				E50B63221A8770CF00A85CCB /* Resources */,
			);
			buildRules = (
			);
			dependencies = (
			);
			name = tableturner;
			productName = tableturner;
			productReference = E50B63241A8770D000A85CCB /* tableturner.app */;
			productType = "com.apple.product-type.application";
		};
		E50B633C1A8770D000A85CCB /* tableturnerTests */ = {
			isa = PBXNativeTarget;
			buildConfigurationList = E50B634A1A8770D000A85CCB /* Build configuration list for PBXNativeTarget "tableturnerTests" */;
			buildPhases = (
				E50B63391A8770D000A85CCB /* Sources */,
				E50B633A1A8770D000A85CCB /* Frameworks */,
				E50B633B1A8770D000A85CCB /* Resources */,
			);
			buildRules = (
			);
			dependencies = (
				E50B633F1A8770D000A85CCB /* PBXTargetDependency */,
			);
			name = tableturnerTests;
			productName = tableturnerTests;
			productReference = E50B633D1A8770D000A85CCB /* tableturnerTests.xctest */;
			productType = "com.apple.product-type.bundle.unit-test";
		};
/* End PBXNativeTarget section */

/* Begin PBXProject section */
		E50B631C1A8770CF00A85CCB /* Project object */ = {
			isa = PBXProject;
			attributes = {
				CLASSPREFIX = FIT;
				LastUpgradeCheck = 0610;
				ORGANIZATIONNAME = FIGInfotech;
				TargetAttributes = {
					E50B63231A8770CF00A85CCB = {
						CreatedOnToolsVersion = 6.1.1;
						DevelopmentTeam = W8XSTAC8US;
					};
					E50B633C1A8770D000A85CCB = {
						CreatedOnToolsVersion = 6.1.1;
						TestTargetID = E50B63231A8770CF00A85CCB;
					};
				};
			};
			buildConfigurationList = E50B631F1A8770CF00A85CCB /* Build configuration list for PBXProject "tableturner" */;
			compatibilityVersion = "Xcode 3.2";
			developmentRegion = English;
			hasScannedForEncodings = 0;
			knownRegions = (
				en,
				Base,
			);
			mainGroup = E50B631B1A8770CF00A85CCB;
			productRefGroup = E50B63251A8770D000A85CCB /* Products */;
			projectDirPath = "";
			projectRoot = "";
			targets = (
				E50B63231A8770CF00A85CCB /* tableturner */,
				E50B633C1A8770D000A85CCB /* tableturnerTests */,
			);
		};
/* End PBXProject section */

/* Begin PBXResourcesBuildPhase section */
		E50B63221A8770CF00A85CCB /* Resources */ = {
			isa = PBXResourcesBuildPhase;
			buildActionMask = 2147483647;
			files = (
				E50B637A1A87871500A85CCB /* summericons_100px_06.png in Resources */,
				E50B636E1A87871500A85CCB /* icons_winter_04.png in Resources */,
				E50B63721A87871500A85CCB /* icons_winter_08.png in Resources */,
				E50B63791A87871500A85CCB /* summericons_100px_05.png in Resources */,
				E50B636D1A87871500A85CCB /* icons_winter_03.png in Resources */,
				E50B637C1A87871500A85CCB /* summericons_100px_08.png in Resources */,
				E50B63331A8770D000A85CCB /* Main.storyboard in Resources */,
				E50B63781A87871500A85CCB /* summericons_100px_04.png in Resources */,
				E50B63381A8770D000A85CCB /* LaunchScreen.xib in Resources */,
				E50B63711A87871500A85CCB /* icons_winter_07.png in Resources */,
				E50B63811A87871500A85CCB /* star_uns.png in Resources */,
				E50B63731A87871500A85CCB /* icons_winter_09.png in Resources */,
				E50B636B1A87871500A85CCB /* icons_winter_01.png in Resources */,
				E50B637F1A87871500A85CCB /* eyeball.png in Resources */,
				E50B637E1A87871500A85CCB /* summericons_100px_10.png in Resources */,
				E50B63351A8770D000A85CCB /* Images.xcassets in Resources */,
				E50B63741A87871500A85CCB /* icons_winter_10.png in Resources */,
				E50B637D1A87871500A85CCB /* summericons_100px_09.png in Resources */,
				E50B63771A87871500A85CCB /* summericons_100px_03.png in Resources */,
				E50B63801A87871500A85CCB /* star_sel.png in Resources */,
				E50B637B1A87871500A85CCB /* summericons_100px_07.png in Resources */,
				E50B63701A87871500A85CCB /* icons_winter_06.png in Resources */,
				E50B636F1A87871500A85CCB /* icons_winter_05.png in Resources */,
				E50B63751A87871500A85CCB /* summericons_100px_01.png in Resources */,
				E50B636C1A87871500A85CCB /* icons_winter_02.png in Resources */,
				E50B63761A87871500A85CCB /* summericons_100px_02.png in Resources */,
			);
			runOnlyForDeploymentPostprocessing = 0;
		};
		E50B633B1A8770D000A85CCB /* Resources */ = {
			isa = PBXResourcesBuildPhase;
			buildActionMask = 2147483647;
			files = (
			);
			runOnlyForDeploymentPostprocessing = 0;
		};
/* End PBXResourcesBuildPhase section */

/* Begin PBXSourcesBuildPhase section */
		E50B63201A8770CF00A85CCB /* Sources */ = {
			isa = PBXSourcesBuildPhase;
			buildActionMask = 2147483647;
			files = (
				E50B638B1A87DCDE00A85CCB /* FITIconCell.m in Sources */,
				E50B63881A87913800A85CCB /* FITPrettyIconsController.m in Sources */,
				E50B632D1A8770D000A85CCB /* AppDelegate.m in Sources */,
				E50B63821A87871500A85CCB /* Icon.m in Sources */,
				E56248551A87FBE0005871E8 /* FITRatingController.m in Sources */,
				E50B638E1A87E11800A85CCB /* FITDetailViewController.m in Sources */,
				E50B63911A87E6F100A85CCB /* FITEditControllerTableViewController.m in Sources */,
				E50B632A1A8770D000A85CCB /* main.m in Sources */,
				E50B63831A87871500A85CCB /* IconSet.m in Sources */,
			);
			runOnlyForDeploymentPostprocessing = 0;
		};
		E50B63391A8770D000A85CCB /* Sources */ = {
			isa = PBXSourcesBuildPhase;
			buildActionMask = 2147483647;
			files = (
				E50B63441A8770D000A85CCB /* tableturnerTests.m in Sources */,
			);
			runOnlyForDeploymentPostprocessing = 0;
		};
/* End PBXSourcesBuildPhase section */

/* Begin PBXTargetDependency section */
		E50B633F1A8770D000A85CCB /* PBXTargetDependency */ = {
			isa = PBXTargetDependency;
			target = E50B63231A8770CF00A85CCB /* tableturner */;
			targetProxy = E50B633E1A8770D000A85CCB /* PBXContainerItemProxy */;
		};
/* End PBXTargetDependency section */

/* Begin PBXVariantGroup section */
		E50B63311A8770D000A85CCB /* Main.storyboard */ = {
			isa = PBXVariantGroup;
			children = (
				E50B63321A8770D000A85CCB /* Base */,
			);
			name = Main.storyboard;
			sourceTree = "<group>";
		};
		E50B63361A8770D000A85CCB /* LaunchScreen.xib */ = {
			isa = PBXVariantGroup;
			children = (
				E50B63371A8770D000A85CCB /* Base */,
			);
			name = LaunchScreen.xib;
			sourceTree = "<group>";
		};
/* End PBXVariantGroup section */

/* Begin XCBuildConfiguration section */
		E50B63451A8770D000A85CCB /* Debug */ = {
			isa = XCBuildConfiguration;
			buildSettings = {
				ALWAYS_SEARCH_USER_PATHS = NO;
				CLANG_CXX_LANGUAGE_STANDARD = "gnu++0x";
				CLANG_CXX_LIBRARY = "libc++";
				CLANG_ENABLE_MODULES = YES;
				CLANG_ENABLE_OBJC_ARC = YES;
				CLANG_WARN_BOOL_CONVERSION = YES;
				CLANG_WARN_CONSTANT_CONVERSION = YES;
				CLANG_WARN_DIRECT_OBJC_ISA_USAGE = YES_ERROR;
				CLANG_WARN_EMPTY_BODY = YES;
				CLANG_WARN_ENUM_CONVERSION = YES;
				CLANG_WARN_INT_CONVERSION = YES;
				CLANG_WARN_OBJC_ROOT_CLASS = YES_ERROR;
				CLANG_WARN_UNREACHABLE_CODE = YES;
				CLANG_WARN__DUPLICATE_METHOD_MATCH = YES;
				"CODE_SIGN_IDENTITY[sdk=iphoneos*]" = "iPhone Developer";
				COPY_PHASE_STRIP = NO;
				ENABLE_STRICT_OBJC_MSGSEND = YES;
				GCC_C_LANGUAGE_STANDARD = gnu99;
				GCC_DYNAMIC_NO_PIC = NO;
				GCC_OPTIMIZATION_LEVEL = 0;
				GCC_PREPROCESSOR_DEFINITIONS = (
					"DEBUG=1",
					"$(inherited)",
				);
				GCC_SYMBOLS_PRIVATE_EXTERN = NO;
				GCC_WARN_64_TO_32_BIT_CONVERSION = YES;
				GCC_WARN_ABOUT_RETURN_TYPE = YES_ERROR;
				GCC_WARN_UNDECLARED_SELECTOR = YES;
				GCC_WARN_UNINITIALIZED_AUTOS = YES_AGGRESSIVE;
				GCC_WARN_UNUSED_FUNCTION = YES;
				GCC_WARN_UNUSED_VARIABLE = YES;
				IPHONEOS_DEPLOYMENT_TARGET = 8.1;
				MTL_ENABLE_DEBUG_INFO = YES;
				ONLY_ACTIVE_ARCH = YES;
				SDKROOT = iphoneos;
			};
			name = Debug;
		};
		E50B63461A8770D000A85CCB /* Release */ = {
			isa = XCBuildConfiguration;
			buildSettings = {
				ALWAYS_SEARCH_USER_PATHS = NO;
				CLANG_CXX_LANGUAGE_STANDARD = "gnu++0x";
				CLANG_CXX_LIBRARY = "libc++";
				CLANG_ENABLE_MODULES = YES;
				CLANG_ENABLE_OBJC_ARC = YES;
				CLANG_WARN_BOOL_CONVERSION = YES;
				CLANG_WARN_CONSTANT_CONVERSION = YES;
				CLANG_WARN_DIRECT_OBJC_ISA_USAGE = YES_ERROR;
				CLANG_WARN_EMPTY_BODY = YES;
				CLANG_WARN_ENUM_CONVERSION = YES;
				CLANG_WARN_INT_CONVERSION = YES;
				CLANG_WARN_OBJC_ROOT_CLASS = YES_ERROR;
				CLANG_WARN_UNREACHABLE_CODE = YES;
				CLANG_WARN__DUPLICATE_METHOD_MATCH = YES;
				"CODE_SIGN_IDENTITY[sdk=iphoneos*]" = "iPhone Developer";
				COPY_PHASE_STRIP = YES;
				ENABLE_NS_ASSERTIONS = NO;
				ENABLE_STRICT_OBJC_MSGSEND = YES;
				GCC_C_LANGUAGE_STANDARD = gnu99;
				GCC_WARN_64_TO_32_BIT_CONVERSION = YES;
				GCC_WARN_ABOUT_RETURN_TYPE = YES_ERROR;
				GCC_WARN_UNDECLARED_SELECTOR = YES;
				GCC_WARN_UNINITIALIZED_AUTOS = YES_AGGRESSIVE;
				GCC_WARN_UNUSED_FUNCTION = YES;
				GCC_WARN_UNUSED_VARIABLE = YES;
				IPHONEOS_DEPLOYMENT_TARGET = 8.1;
				MTL_ENABLE_DEBUG_INFO = NO;
				SDKROOT = iphoneos;
				VALIDATE_PRODUCT = YES;
			};
			name = Release;
		};
		E50B63481A8770D000A85CCB /* Debug */ = {
			isa = XCBuildConfiguration;
			buildSettings = {
				ASSETCATALOG_COMPILER_APPICON_NAME = AppIcon;
				ASSETCATALOG_COMPILER_LAUNCHIMAGE_NAME = LaunchImage;
				CODE_SIGN_IDENTITY = "iPhone Developer";
				INFOPLIST_FILE = tableturner/Info.plist;
				LD_RUNPATH_SEARCH_PATHS = "$(inherited) @executable_path/Frameworks";
				PRODUCT_NAME = "$(TARGET_NAME)";
			};
			name = Debug;
		};
		E50B63491A8770D000A85CCB /* Release */ = {
			isa = XCBuildConfiguration;
			buildSettings = {
				ASSETCATALOG_COMPILER_APPICON_NAME = AppIcon;
				ASSETCATALOG_COMPILER_LAUNCHIMAGE_NAME = LaunchImage;
				CODE_SIGN_IDENTITY = "iPhone Developer";
				INFOPLIST_FILE = tableturner/Info.plist;
				LD_RUNPATH_SEARCH_PATHS = "$(inherited) @executable_path/Frameworks";
				PRODUCT_NAME = "$(TARGET_NAME)";
			};
			name = Release;
		};
		E50B634B1A8770D000A85CCB /* Debug */ = {
			isa = XCBuildConfiguration;
			buildSettings = {
				BUNDLE_LOADER = "$(TEST_HOST)";
				FRAMEWORK_SEARCH_PATHS = (
					"$(SDKROOT)/Developer/Library/Frameworks",
					"$(inherited)",
				);
				GCC_PREPROCESSOR_DEFINITIONS = (
					"DEBUG=1",
					"$(inherited)",
				);
				INFOPLIST_FILE = tableturnerTests/Info.plist;
				LD_RUNPATH_SEARCH_PATHS = "$(inherited) @executable_path/Frameworks @loader_path/Frameworks";
				PRODUCT_NAME = "$(TARGET_NAME)";
				TEST_HOST = "$(BUILT_PRODUCTS_DIR)/tableturner.app/tableturner";
			};
			name = Debug;
		};
		E50B634C1A8770D000A85CCB /* Release */ = {
			isa = XCBuildConfiguration;
			buildSettings = {
				BUNDLE_LOADER = "$(TEST_HOST)";
				FRAMEWORK_SEARCH_PATHS = (
					"$(SDKROOT)/Developer/Library/Frameworks",
					"$(inherited)",
				);
				INFOPLIST_FILE = tableturnerTests/Info.plist;
				LD_RUNPATH_SEARCH_PATHS = "$(inherited) @executable_path/Frameworks @loader_path/Frameworks";
				PRODUCT_NAME = "$(TARGET_NAME)";
				TEST_HOST = "$(BUILT_PRODUCTS_DIR)/tableturner.app/tableturner";
			};
			name = Release;
		};
/* End XCBuildConfiguration section */

/* Begin XCConfigurationList section */
		E50B631F1A8770CF00A85CCB /* Build configuration list for PBXProject "tableturner" */ = {
			isa = XCConfigurationList;
			buildConfigurations = (
				E50B63451A8770D000A85CCB /* Debug */,
				E50B63461A8770D000A85CCB /* Release */,
			);
			defaultConfigurationIsVisible = 0;
			defaultConfigurationName = Release;
		};
		E50B63471A8770D000A85CCB /* Build configuration list for PBXNativeTarget "tableturner" */ = {
			isa = XCConfigurationList;
			buildConfigurations = (
				E50B63481A8770D000A85CCB /* Debug */,
				E50B63491A8770D000A85CCB /* Release */,
			);
			defaultConfigurationIsVisible = 0;
			defaultConfigurationName = Release;
		};
		E50B634A1A8770D000A85CCB /* Build configuration list for PBXNativeTarget "tableturnerTests" */ = {
			isa = XCConfigurationList;
			buildConfigurations = (
				E50B634B1A8770D000A85CCB /* Debug */,
				E50B634C1A8770D000A85CCB /* Release */,
			);
			defaultConfigurationIsVisible = 0;
			defaultConfigurationName = Release;
		};
/* End XCConfigurationList section */
	};
	rootObject = E50B631C1A8770CF00A85CCB /* Project object */;
}
